{
  "name": "mm",
  "version": "1.0.0",
  "lockfileVersion": 3,
  "requires": true,
  "packages": {
    "": {
      "name": "mm",
      "version": "1.0.0",
      "license": "ISC",
      "dependencies": {
        "@nktkas/hyperliquid": "^0.27.1",
        "dotenv": "^17.2.3"
      }
    },
    "node_modules/@henrygd/semaphore": {
      "version": "0.1.0",
      "resolved": "https://registry.npmjs.org/@henrygd/semaphore/-/semaphore-0.1.0.tgz",
      "integrity": "sha512-5wRPsfP9iWnOTFRd7QKdHlWTgY9xw9GAHSkQP/Q05ZTKUBdfTj44BhsnADPfvBoUQVGDtP2Nd0UShVdeTLuLwA==",
      "license": "MIT"
    },
    "node_modules/@nktkas/hyperliquid": {
      "version": "0.27.1",
      "resolved": "https://registry.npmjs.org/@nktkas/hyperliquid/-/hyperliquid-0.27.1.tgz",
      "integrity": "sha512-eyRVcTF1PYXCoO56wNBKpM/tcX0UnsQDcHQFFf/oaX/ax5btFf0GHB7gL8hUjNCgEVj/KSoXE4XMGwZjR58mJw==",
      "license": "MIT",
      "dependencies": {
        "@henrygd/semaphore": "0.1.0",
        "@nktkas/rews": "^1.2.1",
        "@noble/hashes": "^2.0.1",
        "@noble/secp256k1": "^3.0.0",
        "valibot": "1.2.0"
      },
      "bin": {
        "hyperliquid": "esm/bin/cli.js"
      },
      "engines": {
        "node": ">=20.19.0"
      }
    },
    "node_modules/@nktkas/rews": {
      "version": "1.2.1",
      "resolved": "https://registry.npmjs.org/@nktkas/rews/-/rews-1.2.1.tgz",
      "integrity": "sha512-eoS2ucLwyfsHfWKu5zOUsIfHR1031WnEPsFAz6zceM/hMS+awjcnUmEnq61NMlg+GWp7hcwOLd9nvVVOS+0rNA==",
      "license": "MIT",
      "engines": {
        "node": ">=20.19.0"
      }
    },
    "node_modules/@noble/hashes": {
      "version": "2.0.1",
      "resolved": "https://registry.npmjs.org/@noble/hashes/-/hashes-2.0.1.tgz",
      "integrity": "sha512-XlOlEbQcE9fmuXxrVTXCTlG2nlRXa9Rj3rr5Ue/+tX+nmkgbX720YHh0VR3hBF9xDvwnb8D2shVGOwNx+ulArw==",
      "license": "MIT",
      "engines": {
        "node": ">= 20.19.0"
      },
      "funding": {
        "url": "https://paulmillr.com/funding/"
      }
    },
    "node_modules/@noble/secp256k1": {
      "version": "3.0.0",
      "resolved": "https://registry.npmjs.org/@noble/secp256k1/-/secp256k1-3.0.0.tgz",
      "integrity": "sha512-NJBaR352KyIvj3t6sgT/+7xrNyF9Xk9QlLSIqUGVUYlsnDTAUqY8LOmwpcgEx4AMJXRITQ5XEVHD+mMaPfr3mg==",
      "license": "MIT",
      "funding": {
        "url": "https://paulmillr.com/funding/"
      }
    },
    "node_modules/dotenv": {
      "version": "17.2.3",
      "resolved": "https://registry.npmjs.org/dotenv/-/dotenv-17.2.3.tgz",
      "integrity": "sha512-JVUnt+DUIzu87TABbhPmNfVdBDt18BLOWjMUFJMSi/Qqg7NTYtabbvSNJGOJ7afbRuv9D/lngizHtP7QyLQ+9w==",
      "license": "BSD-2-Clause",
      "engines": {
        "node": ">=12"
      },
      "funding": {
        "url": "https://dotenvx.com"
      }
    },
    "node_modules/valibot": {
      "version": "1.2.0",
      "resolved": "https://registry.npmjs.org/valibot/-/valibot-1.2.0.tgz",
      "integrity": "sha512-mm1rxUsmOxzrwnX5arGS+U4T25RdvpPjPN4yR0u9pUBov9+zGVtO84tif1eY4r6zWxVxu3KzIyknJy3rxfRZZg==",
      "license": "MIT",
      "peerDependencies": {
        "typescript": ">=5"
      },
      "peerDependenciesMeta": {
        "typescript": {
          "optional": true
        }
      }
    }
  }
}
